// !$*UTF8*$!
{
	archiveVersion = 1;
	classes = {
	};
	objectVersion = 56;
	objects = {

/* Begin PBXBuildFile section */
		BD062DE12994CF150099486B /* AppDelegate.swift in Sources */ = {isa = PBXBuildFile; fileRef = BD062DE02994CF150099486B /* AppDelegate.swift */; };
		BD062DE32994CF150099486B /* SceneDelegate.swift in Sources */ = {isa = PBXBuildFile; fileRef = BD062DE22994CF150099486B /* SceneDelegate.swift */; };
		BD062DE52994CF150099486B /* InternshipViewController.swift in Sources */ = {isa = PBXBuildFile; fileRef = BD062DE42994CF150099486B /* InternshipViewController.swift */; };
		BD062DEA2994CF160099486B /* Assets.xcassets in Resources */ = {isa = PBXBuildFile; fileRef = BD062DE92994CF160099486B /* Assets.xcassets */; };
		BD062DF52997ED140099486B /* Model.swift in Sources */ = {isa = PBXBuildFile; fileRef = BD062DF42997ED140099486B /* Model.swift */; };
		BD062DF82998FFE50099486B /* SF-Pro-Display-Bold.otf in Resources */ = {isa = PBXBuildFile; fileRef = BD062DF72998FFE50099486B /* SF-Pro-Display-Bold.otf */; };
		BD062DFA2998FFEE0099486B /* SF-Pro-Display-Medium.otf in Resources */ = {isa = PBXBuildFile; fileRef = BD062DF92998FFEE0099486B /* SF-Pro-Display-Medium.otf */; };
		BD062DFC2998FFF50099486B /* SF-Pro-Display-Regular.otf in Resources */ = {isa = PBXBuildFile; fileRef = BD062DFB2998FFF40099486B /* SF-Pro-Display-Regular.otf */; };
		BD062E00299926A60099486B /* Cell.swift in Sources */ = {isa = PBXBuildFile; fileRef = BD062DFF299926A60099486B /* Cell.swift */; };
		BD062E022999F89D0099486B /* Resources.swift in Sources */ = {isa = PBXBuildFile; fileRef = BD062E012999F89D0099486B /* Resources.swift */; };
		BD062E042999F98E0099486B /* InternshipViewController +Extension.swift in Sources */ = {isa = PBXBuildFile; fileRef = BD062E032999F98E0099486B /* InternshipViewController +Extension.swift */; };
/* End PBXBuildFile section */

/* Begin PBXFileReference section */
		BD062DDD2994CF150099486B /* TraineeSurf.app */ = {isa = PBXFileReference; explicitFileType = wrapper.application; includeInIndex = 0; path = TraineeSurf.app; sourceTree = BUILT_PRODUCTS_DIR; };
		BD062DE02994CF150099486B /* AppDelegate.swift */ = {isa = PBXFileReference; lastKnownFileType = sourcecode.swift; path = AppDelegate.swift; sourceTree = "<group>"; };
		BD062DE22994CF150099486B /* SceneDelegate.swift */ = {isa = PBXFileReference; lastKnownFileType = sourcecode.swift; path = SceneDelegate.swift; sourceTree = "<group>"; };
		BD062DE42994CF150099486B /* InternshipViewController.swift */ = {isa = PBXFileReference; lastKnownFileType = sourcecode.swift; path = InternshipViewController.swift; sourceTree = "<group>"; };
		BD062DE92994CF160099486B /* Assets.xcassets */ = {isa = PBXFileReference; lastKnownFileType = folder.assetcatalog; path = Assets.xcassets; sourceTree = "<group>"; };
		BD062DEE2994CF160099486B /* Info.plist */ = {isa = PBXFileReference; lastKnownFileType = text.plist.xml; path = Info.plist; sourceTree = "<group>"; };
		BD062DF42997ED140099486B /* Model.swift */ = {isa = PBXFileReference; lastKnownFileType = sourcecode.swift; path = Model.swift; sourceTree = "<group>"; };
		BD062DF72998FFE50099486B /* SF-Pro-Display-Bold.otf */ = {isa = PBXFileReference; lastKnownFileType = file; path = "SF-Pro-Display-Bold.otf"; sourceTree = "<group>"; };
		BD062DF92998FFEE0099486B /* SF-Pro-Display-Medium.otf */ = {isa = PBXFileReference; lastKnownFileType = file; path = "SF-Pro-Display-Medium.otf"; sourceTree = "<group>"; };
		BD062DFB2998FFF40099486B /* SF-Pro-Display-Regular.otf */ = {isa = PBXFileReference; lastKnownFileType = file; path = "SF-Pro-Display-Regular.otf"; sourceTree = "<group>"; };
		BD062DFF299926A60099486B /* Cell.swift */ = {isa = PBXFileReference; lastKnownFileType = sourcecode.swift; path = Cell.swift; sourceTree = "<group>"; };
		BD062E012999F89D0099486B /* Resources.swift */ = {isa = PBXFileReference; lastKnownFileType = sourcecode.swift; path = Resources.swift; sourceTree = "<group>"; };
		BD062E032999F98E0099486B /* InternshipViewController +Extension.swift */ = {isa = PBXFileReference; lastKnownFileType = sourcecode.swift; path = "InternshipViewController +Extension.swift"; sourceTree = "<group>"; };
/* End PBXFileReference section */

/* Begin PBXFrameworksBuildPhase section */
		BD062DDA2994CF150099486B /* Frameworks */ = {
			isa = PBXFrameworksBuildPhase;
			buildActionMask = 2147483647;
			files = (
			);
			runOnlyForDeploymentPostprocessing = 0;
		};
/* End PBXFrameworksBuildPhase section */

/* Begin PBXGroup section */
		BD062DD42994CF150099486B = {
			isa = PBXGroup;
			children = (
				BD062DDF2994CF150099486B /* TraineeSurf */,
				BD062DDE2994CF150099486B /* Products */,
			);
			sourceTree = "<group>";
		};
		BD062DDE2994CF150099486B /* Products */ = {
			isa = PBXGroup;
			children = (
				BD062DDD2994CF150099486B /* TraineeSurf.app */,
			);
			name = Products;
			sourceTree = "<group>";
		};
		BD062DDF2994CF150099486B /* TraineeSurf */ = {
			isa = PBXGroup;
			children = (
				BD062E09299A05720099486B /* Views */,
				BD062E08299A055D0099486B /* ViewControllers */,
				BD062E07299A054B0099486B /* Models */,
				BD062E0B299A060B0099486B /* Source */,
				BD062E0A299A05AF0099486B /* SupportingFiles */,
			);
			path = TraineeSurf;
			sourceTree = "<group>";
		};
		BD062DF62998FFC90099486B /* Fonts */ = {
			isa = PBXGroup;
			children = (
				BD062DF72998FFE50099486B /* SF-Pro-Display-Bold.otf */,
				BD062DF92998FFEE0099486B /* SF-Pro-Display-Medium.otf */,
				BD062DFB2998FFF40099486B /* SF-Pro-Display-Regular.otf */,
			);
			path = Fonts;
			sourceTree = "<group>";
		};
		BD062E07299A054B0099486B /* Models */ = {
			isa = PBXGroup;
			children = (
				BD062DF42997ED140099486B /* Model.swift */,
			);
			path = Models;
			sourceTree = "<group>";
		};
		BD062E08299A055D0099486B /* ViewControllers */ = {
			isa = PBXGroup;
			children = (
				BD062E032999F98E0099486B /* InternshipViewController +Extension.swift */,
				BD062DE42994CF150099486B /* InternshipViewController.swift */,
			);
			path = ViewControllers;
			sourceTree = "<group>";
		};
		BD062E09299A05720099486B /* Views */ = {
			isa = PBXGroup;
			children = (
				BD062DFF299926A60099486B /* Cell.swift */,
			);
			path = Views;
			sourceTree = "<group>";
		};
		BD062E0A299A05AF0099486B /* SupportingFiles */ = {
			isa = PBXGroup;
			children = (
				BD062DE02994CF150099486B /* AppDelegate.swift */,
				BD062DE22994CF150099486B /* SceneDelegate.swift */,
				BD062DEE2994CF160099486B /* Info.plist */,
			);
			path = SupportingFiles;
			sourceTree = "<group>";
		};
		BD062E0B299A060B0099486B /* Source */ = {
			isa = PBXGroup;
			children = (
				BD062DE92994CF160099486B /* Assets.xcassets */,
				BD062DF62998FFC90099486B /* Fonts */,
				BD062E012999F89D0099486B /* Resources.swift */,
			);
			path = Source;
			sourceTree = "<group>";
		};
/* End PBXGroup section */

/* Begin PBXNativeTarget section */
		BD062DDC2994CF150099486B /* TraineeSurf */ = {
			isa = PBXNativeTarget;
			buildConfigurationList = BD062DF12994CF160099486B /* Build configuration list for PBXNativeTarget "TraineeSurf" */;
			buildPhases = (
				BD062DD92994CF150099486B /* Sources */,
				BD062DDA2994CF150099486B /* Frameworks */,
				BD062DDB2994CF150099486B /* Resources */,
			);
			buildRules = (
			);
			dependencies = (
			);
			name = TraineeSurf;
			productName = TraineeSurf;
			productReference = BD062DDD2994CF150099486B /* TraineeSurf.app */;
			productType = "com.apple.product-type.application";
		};
/* End PBXNativeTarget section */

/* Begin PBXProject section */
		BD062DD52994CF150099486B /* Project object */ = {
			isa = PBXProject;
			attributes = {
				BuildIndependentTargetsInParallel = 1;
				LastSwiftUpdateCheck = 1400;
				LastUpgradeCheck = 1400;
				TargetAttributes = {
					BD062DDC2994CF150099486B = {
						CreatedOnToolsVersion = 14.0.1;
					};
				};
			};
			buildConfigurationList = BD062DD82994CF150099486B /* Build configuration list for PBXProject "TraineeSurf" */;
			compatibilityVersion = "Xcode 14.0";
			developmentRegion = en;
			hasScannedForEncodings = 0;
			knownRegions = (
				en,
				Base,
			);
			mainGroup = BD062DD42994CF150099486B;
			productRefGroup = BD062DDE2994CF150099486B /* Products */;
			projectDirPath = "";
			projectRoot = "";
			targets = (
				BD062DDC2994CF150099486B /* TraineeSurf */,
			);
		};
/* End PBXProject section */

/* Begin PBXResourcesBuildPhase section */
		BD062DDB2994CF150099486B /* Resources */ = {
			isa = PBXResourcesBuildPhase;
			buildActionMask = 2147483647;
			files = (
				BD062DFA2998FFEE0099486B /* SF-Pro-Display-Medium.otf in Resources */,
				BD062DEA2994CF160099486B /* Assets.xcassets in Resources */,
				BD062DFC2998FFF50099486B /* SF-Pro-Display-Regular.otf in Resources */,
				BD062DF82998FFE50099486B /* SF-Pro-Display-Bold.otf in Resources */,
			);
			runOnlyForDeploymentPostprocessing = 0;
		};
/* End PBXResourcesBuildPhase section */

/* Begin PBXSourcesBuildPhase section */
		BD062DD92994CF150099486B /* Sources */ = {
			isa = PBXSourcesBuildPhase;
			buildActionMask = 2147483647;
			files = (
				BD062DE52994CF150099486B /* InternshipViewController.swift in Sources */,
				BD062DE12994CF150099486B /* AppDelegate.swift in Sources */,
				BD062DE32994CF150099486B /* SceneDelegate.swift in Sources */,
				BD062E022999F89D0099486B /* Resources.swift in Sources */,
				BD062DF52997ED140099486B /* Model.swift in Sources */,
				BD062E00299926A60099486B /* Cell.swift in Sources */,
				BD062E042999F98E0099486B /* InternshipViewController +Extension.swift in Sources */,
			);
			runOnlyForDeploymentPostprocessing = 0;
		};
/* End PBXSourcesBuildPhase section */

/* Begin XCBuildConfiguration section */
		BD062DEF2994CF160099486B /* Debug */ = {
			isa = XCBuildConfiguration;
			buildSettings = {
				ALWAYS_SEARCH_USER_PATHS = NO;
				CLANG_ANALYZER_NONNULL = YES;
				CLANG_ANALYZER_NUMBER_OBJECT_CONVERSION = YES_AGGRESSIVE;
				CLANG_CXX_LANGUAGE_STANDARD = "gnu++20";
				CLANG_ENABLE_MODULES = YES;
				CLANG_ENABLE_OBJC_ARC = YES;
				CLANG_ENABLE_OBJC_WEAK = YES;
				CLANG_WARN_BLOCK_CAPTURE_AUTORELEASING = YES;
				CLANG_WARN_BOOL_CONVERSION = YES;
				CLANG_WARN_COMMA = YES;
				CLANG_WARN_CONSTANT_CONVERSION = YES;
				CLANG_WARN_DEPRECATED_OBJC_IMPLEMENTATIONS = YES;
				CLANG_WARN_DIRECT_OBJC_ISA_USAGE = YES_ERROR;
				CLANG_WARN_DOCUMENTATION_COMMENTS = YES;
				CLANG_WARN_EMPTY_BODY = YES;
				CLANG_WARN_ENUM_CONVERSION = YES;
				CLANG_WARN_INFINITE_RECURSION = YES;
				CLANG_WARN_INT_CONVERSION = YES;
				CLANG_WARN_NON_LITERAL_NULL_CONVERSION = YES;
				CLANG_WARN_OBJC_IMPLICIT_RETAIN_SELF = YES;
				CLANG_WARN_OBJC_LITERAL_CONVERSION = YES;
				CLANG_WARN_OBJC_ROOT_CLASS = YES_ERROR;
				CLANG_WARN_QUOTED_INCLUDE_IN_FRAMEWORK_HEADER = YES;
				CLANG_WARN_RANGE_LOOP_ANALYSIS = YES;
				CLANG_WARN_STRICT_PROTOTYPES = YES;
				CLANG_WARN_SUSPICIOUS_MOVE = YES;
				CLANG_WARN_UNGUARDED_AVAILABILITY = YES_AGGRESSIVE;
				CLANG_WARN_UNREACHABLE_CODE = YES;
				CLANG_WARN__DUPLICATE_METHOD_MATCH = YES;
				COPY_PHASE_STRIP = NO;
				DEBUG_INFORMATION_FORMAT = dwarf;
				ENABLE_STRICT_OBJC_MSGSEND = YES;
				ENABLE_TESTABILITY = YES;
				GCC_C_LANGUAGE_STANDARD = gnu11;
				GCC_DYNAMIC_NO_PIC = NO;
				GCC_NO_COMMON_BLOCKS = YES;
				GCC_OPTIMIZATION_LEVEL = 0;
				GCC_PREPROCESSOR_DEFINITIONS = (
					"DEBUG=1",
					"$(inherited)",
				);
				GCC_WARN_64_TO_32_BIT_CONVERSION = YES;
				GCC_WARN_ABOUT_RETURN_TYPE = YES_ERROR;
				GCC_WARN_UNDECLARED_SELECTOR = YES;
				GCC_WARN_UNINITIALIZED_AUTOS = YES_AGGRESSIVE;
				GCC_WARN_UNUSED_FUNCTION = YES;
				GCC_WARN_UNUSED_VARIABLE = YES;
				IPHONEOS_DEPLOYMENT_TARGET = 16.0;
				MTL_ENABLE_DEBUG_INFO = INCLUDE_SOURCE;
				MTL_FAST_MATH = YES;
				ONLY_ACTIVE_ARCH = YES;
				SDKROOT = iphoneos;
				SWIFT_ACTIVE_COMPILATION_CONDITIONS = DEBUG;
				SWIFT_OPTIMIZATION_LEVEL = "-Onone";
			};
			name = Debug;
		};
		BD062DF02994CF160099486B /* Release */ = {
			isa = XCBuildConfiguration;
			buildSettings = {
				ALWAYS_SEARCH_USER_PATHS = NO;
				CLANG_ANALYZER_NONNULL = YES;
				CLANG_ANALYZER_NUMBER_OBJECT_CONVERSION = YES_AGGRESSIVE;
				CLANG_CXX_LANGUAGE_STANDARD = "gnu++20";
				CLANG_ENABLE_MODULES = YES;
				CLANG_ENABLE_OBJC_ARC = YES;
				CLANG_ENABLE_OBJC_WEAK = YES;
				CLANG_WARN_BLOCK_CAPTURE_AUTORELEASING = YES;
				CLANG_WARN_BOOL_CONVERSION = YES;
				CLANG_WARN_COMMA = YES;
				CLANG_WARN_CONSTANT_CONVERSION = YES;
				CLANG_WARN_DEPRECATED_OBJC_IMPLEMENTATIONS = YES;
				CLANG_WARN_DIRECT_OBJC_ISA_USAGE = YES_ERROR;
				CLANG_WARN_DOCUMENTATION_COMMENTS = YES;
				CLANG_WARN_EMPTY_BODY = YES;
				CLANG_WARN_ENUM_CONVERSION = YES;
				CLANG_WARN_INFINITE_RECURSION = YES;
				CLANG_WARN_INT_CONVERSION = YES;
				CLANG_WARN_NON_LITERAL_NULL_CONVERSION = YES;
				CLANG_WARN_OBJC_IMPLICIT_RETAIN_SELF = YES;
				CLANG_WARN_OBJC_LITERAL_CONVERSION = YES;
				CLANG_WARN_OBJC_ROOT_CLASS = YES_ERROR;
				CLANG_WARN_QUOTED_INCLUDE_IN_FRAMEWORK_HEADER = YES;
				CLANG_WARN_RANGE_LOOP_ANALYSIS = YES;
				CLANG_WARN_STRICT_PROTOTYPES = YES;
				CLANG_WARN_SUSPICIOUS_MOVE = YES;
				CLANG_WARN_UNGUARDED_AVAILABILITY = YES_AGGRESSIVE;
				CLANG_WARN_UNREACHABLE_CODE = YES;
				CLANG_WARN__DUPLICATE_METHOD_MATCH = YES;
				COPY_PHASE_STRIP = NO;
				DEBUG_INFORMATION_FORMAT = "dwarf-with-dsym";
				ENABLE_NS_ASSERTIONS = NO;
				ENABLE_STRICT_OBJC_MSGSEND = YES;
				GCC_C_LANGUAGE_STANDARD = gnu11;
				GCC_NO_COMMON_BLOCKS = YES;
				GCC_WARN_64_TO_32_BIT_CONVERSION = YES;
				GCC_WARN_ABOUT_RETURN_TYPE = YES_ERROR;
				GCC_WARN_UNDECLARED_SELECTOR = YES;
				GCC_WARN_UNINITIALIZED_AUTOS = YES_AGGRESSIVE;
				GCC_WARN_UNUSED_FUNCTION = YES;
				GCC_WARN_UNUSED_VARIABLE = YES;
				IPHONEOS_DEPLOYMENT_TARGET = 16.0;
				MTL_ENABLE_DEBUG_INFO = NO;
				MTL_FAST_MATH = YES;
				SDKROOT = iphoneos;
				SWIFT_COMPILATION_MODE = wholemodule;
				SWIFT_OPTIMIZATION_LEVEL = "-O";
				VALIDATE_PRODUCT = YES;
			};
			name = Release;
		};
		BD062DF22994CF160099486B /* Debug */ = {
			isa = XCBuildConfiguration;
			buildSettings = {
				ASSETCATALOG_COMPILER_APPICON_NAME = AppIcon;
				ASSETCATALOG_COMPILER_GLOBAL_ACCENT_COLOR_NAME = AccentColor;
				CODE_SIGN_STYLE = Automatic;
				CURRENT_PROJECT_VERSION = 1;
				DEVELOPMENT_TEAM = LKXH9JRFP8;
				GENERATE_INFOPLIST_FILE = YES;
				INFOPLIST_FILE = TraineeSurf/SupportingFiles/Info.plist;
				INFOPLIST_KEY_UIApplicationSupportsIndirectInputEvents = YES;
				INFOPLIST_KEY_UILaunchStoryboardName = LaunchScreen;
				INFOPLIST_KEY_UISupportedInterfaceOrientations_iPad = "UIInterfaceOrientationPortrait UIInterfaceOrientationPortraitUpsideDown UIInterfaceOrientationLandscapeLeft UIInterfaceOrientationLandscapeRight";
				INFOPLIST_KEY_UISupportedInterfaceOrientations_iPhone = "UIInterfaceOrientationPortrait UIInterfaceOrientationLandscapeLeft UIInterfaceOrientationLandscapeRight";
				LD_RUNPATH_SEARCH_PATHS = (
					"$(inherited)",
					"@executable_path/Frameworks",
				);
				MARKETING_VERSION = 1.0;
				PRODUCT_BUNDLE_IDENTIFIER = com.my.TraineeSurf;
				PRODUCT_NAME = "$(TARGET_NAME)";
				SWIFT_EMIT_LOC_STRINGS = YES;
				SWIFT_VERSION = 5.0;
				TARGETED_DEVICE_FAMILY = "1,2";
			};
			name = Debug;
		};
		BD062DF32994CF160099486B /* Release */ = {
			isa = XCBuildConfiguration;
			buildSettings = {
				ASSETCATALOG_COMPILER_APPICON_NAME = AppIcon;
				ASSETCATALOG_COMPILER_GLOBAL_ACCENT_COLOR_NAME = AccentColor;
				CODE_SIGN_STYLE = Automatic;
				CURRENT_PROJECT_VERSION = 1;
				DEVELOPMENT_TEAM = LKXH9JRFP8;
				GENERATE_INFOPLIST_FILE = YES;
				INFOPLIST_FILE = TraineeSurf/SupportingFiles/Info.plist;
				INFOPLIST_KEY_UIApplicationSupportsIndirectInputEvents = YES;
				INFOPLIST_KEY_UILaunchStoryboardName = LaunchScreen;
				INFOPLIST_KEY_UISupportedInterfaceOrientations_iPad = "UIInterfaceOrientationPortrait UIInterfaceOrientationPortraitUpsideDown UIInterfaceOrientationLandscapeLeft UIInterfaceOrientationLandscapeRight";
				INFOPLIST_KEY_UISupportedInterfaceOrientations_iPhone = "UIInterfaceOrientationPortrait UIInterfaceOrientationLandscapeLeft UIInterfaceOrientationLandscapeRight";
				LD_RUNPATH_SEARCH_PATHS = (
					"$(inherited)",
					"@executable_path/Frameworks",
				);
				MARKETING_VERSION = 1.0;
				PRODUCT_BUNDLE_IDENTIFIER = com.my.TraineeSurf;
				PRODUCT_NAME = "$(TARGET_NAME)";
				SWIFT_EMIT_LOC_STRINGS = YES;
				SWIFT_VERSION = 5.0;
				TARGETED_DEVICE_FAMILY = "1,2";
			};
			name = Release;
		};
/* End XCBuildConfiguration section */

/* Begin XCConfigurationList section */
		BD062DD82994CF150099486B /* Build configuration list for PBXProject "TraineeSurf" */ = {
			isa = XCConfigurationList;
			buildConfigurations = (
				BD062DEF2994CF160099486B /* Debug */,
				BD062DF02994CF160099486B /* Release */,
			);
			defaultConfigurationIsVisible = 0;
			defaultConfigurationName = Release;
		};
		BD062DF12994CF160099486B /* Build configuration list for PBXNativeTarget "TraineeSurf" */ = {
			isa = XCConfigurationList;
			buildConfigurations = (
				BD062DF22994CF160099486B /* Debug */,
				BD062DF32994CF160099486B /* Release */,
			);
			defaultConfigurationIsVisible = 0;
			defaultConfigurationName = Release;
		};
/* End XCConfigurationList section */
	};
	rootObject = BD062DD52994CF150099486B /* Project object */;
}
